
Microsoft Visual Studio Solution File, Format Version 12.00
# Visual Studio 15
VisualStudioVersion = 15.0.27004.2008
MinimumVisualStudioVersion = 10.0.40219.1
Project("{9A19103F-16F7-4668-BE54-9A1E7A4F7556}") = "EQR.BackOffice.WebApp", "EQR.BackOffice.WebApp\EQR.BackOffice.WebApp.csproj", "{9A6CDCB3-FD86-4321-A0D0-D959FB1E7B3F}"
EndProject
Project("{2150E333-8FDC-42A3-9474-1A3956D46DE8}") = "CQRS", "CQRS", "{D9A2537D-E303-4BF8-8B1E-3D907A278679}"
EndProject
Project("{9A19103F-16F7-4668-BE54-9A1E7A4F7556}") = "EQR.BackOffice.CQRS.Core", "EQR.BackOffice.CQRS\EQR.BackOffice.CQRS.Core\EQR.BackOffice.CQRS.Core.csproj", "{24974AED-147C-49BA-A76A-A935CC0426A3}"
EndProject
Project("{FAE04EC0-301F-11D3-BF4B-00C04F79EFBC}") = "EQR.BackOffice.DataContracts", "EQR.BackOffice.DataContracts\EQR.BackOffice.DataContracts.csproj", "{6FBC4051-8716-4650-8715-5EBC5B758D1A}"
EndProject
Project("{FAE04EC0-301F-11D3-BF4B-00C04F79EFBC}") = "EQR.BackOffice.Bll", "EQR.BackOffice.Bll\EQR.BackOffice.Bll.csproj", "{EB6A3FDC-751E-412D-8089-1988DFFF9E7A}"
EndProject
Project("{FAE04EC0-301F-11D3-BF4B-00C04F79EFBC}") = "EQR.BackOffice.DAL", "EQR.BackOffice.DAL\EQR.BackOffice.DAL.csproj", "{C6AB280C-80CA-4B9E-BB1A-2EE9CCBCDF5F}"
EndProject
Global
	GlobalSection(SolutionConfigurationPlatforms) = preSolution
		Debug|Any CPU = Debug|Any CPU
		Release|Any CPU = Release|Any CPU
	EndGlobalSection
	GlobalSection(ProjectConfigurationPlatforms) = postSolution
		{9A6CDCB3-FD86-4321-A0D0-D959FB1E7B3F}.Debug|Any CPU.ActiveCfg = Debug|Any CPU
		{9A6CDCB3-FD86-4321-A0D0-D959FB1E7B3F}.Debug|Any CPU.Build.0 = Debug|Any CPU
		{9A6CDCB3-FD86-4321-A0D0-D959FB1E7B3F}.Release|Any CPU.ActiveCfg = Release|Any CPU
		{9A6CDCB3-FD86-4321-A0D0-D959FB1E7B3F}.Release|Any CPU.Build.0 = Release|Any CPU
		{24974AED-147C-49BA-A76A-A935CC0426A3}.Debug|Any CPU.ActiveCfg = Debug|Any CPU
		{24974AED-147C-49BA-A76A-A935CC0426A3}.Debug|Any CPU.Build.0 = Debug|Any CPU
		{24974AED-147C-49BA-A76A-A935CC0426A3}.Release|Any CPU.ActiveCfg = Release|Any CPU
		{24974AED-147C-49BA-A76A-A935CC0426A3}.Release|Any CPU.Build.0 = Release|Any CPU
		{6FBC4051-8716-4650-8715-5EBC5B758D1A}.Debug|Any CPU.ActiveCfg = Debug|Any CPU
		{6FBC4051-8716-4650-8715-5EBC5B758D1A}.Debug|Any CPU.Build.0 = Debug|Any CPU
		{6FBC4051-8716-4650-8715-5EBC5B758D1A}.Release|Any CPU.ActiveCfg = Release|Any CPU
		{6FBC4051-8716-4650-8715-5EBC5B758D1A}.Release|Any CPU.Build.0 = Release|Any CPU
		{EB6A3FDC-751E-412D-8089-1988DFFF9E7A}.Debug|Any CPU.ActiveCfg = Debug|Any CPU
		{EB6A3FDC-751E-412D-8089-1988DFFF9E7A}.Debug|Any CPU.Build.0 = Debug|Any CPU
		{EB6A3FDC-751E-412D-8089-1988DFFF9E7A}.Release|Any CPU.ActiveCfg = Release|Any CPU
		{EB6A3FDC-751E-412D-8089-1988DFFF9E7A}.Release|Any CPU.Build.0 = Release|Any CPU
		{C6AB280C-80CA-4B9E-BB1A-2EE9CCBCDF5F}.Debug|Any CPU.ActiveCfg = Debug|Any CPU
		{C6AB280C-80CA-4B9E-BB1A-2EE9CCBCDF5F}.Debug|Any CPU.Build.0 = Debug|Any CPU
		{C6AB280C-80CA-4B9E-BB1A-2EE9CCBCDF5F}.Release|Any CPU.ActiveCfg = Release|Any CPU
		{C6AB280C-80CA-4B9E-BB1A-2EE9CCBCDF5F}.Release|Any CPU.Build.0 = Release|Any CPU
	EndGlobalSection
	GlobalSection(SolutionProperties) = preSolution
		HideSolutionNode = FALSE
	EndGlobalSection
	GlobalSection(NestedProjects) = preSolution
		{24974AED-147C-49BA-A76A-A935CC0426A3} = {D9A2537D-E303-4BF8-8B1E-3D907A278679}
	EndGlobalSection
	GlobalSection(ExtensibilityGlobals) = postSolution
		SolutionGuid = {B335DC6F-30BE-49CB-ABE6-D413467F43B6}
	EndGlobalSection
EndGlobal
